Microsoft Visual Studio Solution File, Format Version 12.00
# Visual Studio Version 17
VisualStudioVersion = 17.2.32616.157
MinimumVisualStudioVersion = 10.0.40219.1
Project("{2150E333-8FDC-42A3-9474-1A3956D46DE8}") = "Solution Items", "Solution Items", "{DD8E9B65-DF41-40CF-9995-5965585CF72E}"
	ProjectSection(SolutionItems) = preProject
		.gitignore = .gitignore
		Directory.Build.props = Directory.Build.props
		NuGet.config = NuGet.config
		RepositoryInfo.xml = RepositoryInfo.xml
		Common\SharedKey.snk = Common\SharedKey.snk
		README.md = README.md
		appveyor.yml = appveyor.yml
	EndProjectSection
EndProject
Project("{2150E333-8FDC-42A3-9474-1A3956D46DE8}") = "Tests", "Tests", "{5E754B9E-84B8-426A-95B0-858D3EDCC19B}"
EndProject
Project("{9A19103F-16F7-4668-BE54-9A1E7A4F7556}") = "CodeCakeBuilder", "CodeCakeBuilder\CodeCakeBuilder.csproj", "{FD4817B6-3CD7-4E74-AA10-7CA95FDFCF2D}"
EndProject
Project("{9A19103F-16F7-4668-BE54-9A1E7A4F7556}") = "CK.DB.NAME_PLACE_HOLDER_DOT.Tests", "Tests\CK.DB.NAME_PLACE_HOLDER_DOT.Tests\CK.DB.NAME_PLACE_HOLDER_DOT.Tests.csproj", "{0889FFE1-585C-4593-8850-BBDB0DCC9AE1}"
EndProject
Project("{9A19103F-16F7-4668-BE54-9A1E7A4F7556}") = "CK.DB.NAME_PLACE_HOLDER_DOT", "CK.DB.NAME_PLACE_HOLDER_DOT\CK.DB.NAME_PLACE_HOLDER_DOT.csproj", "{A2141FE3-5F9D-4626-BC63-BAD7AB19B41F}"
EndProject
Global
	GlobalSection(SolutionConfigurationPlatforms) = preSolution
		Debug|Any CPU = Debug|Any CPU
		Release|Any CPU = Release|Any CPU
	EndGlobalSection
	GlobalSection(ProjectConfigurationPlatforms) = postSolution
		{FD4817B6-3CD7-4E74-AA10-7CA95FDFCF2D}.Debug|Any CPU.ActiveCfg = Debug|Any CPU
		{FD4817B6-3CD7-4E74-AA10-7CA95FDFCF2D}.Debug|Any CPU.Build.0 = Debug|Any CPU
		{FD4817B6-3CD7-4E74-AA10-7CA95FDFCF2D}.Release|Any CPU.ActiveCfg = Release|Any CPU
		{FD4817B6-3CD7-4E74-AA10-7CA95FDFCF2D}.Release|Any CPU.Build.0 = Release|Any CPU
		{0889FFE1-585C-4593-8850-BBDB0DCC9AE1}.Debug|Any CPU.ActiveCfg = Debug|Any CPU
		{0889FFE1-585C-4593-8850-BBDB0DCC9AE1}.Debug|Any CPU.Build.0 = Debug|Any CPU
		{0889FFE1-585C-4593-8850-BBDB0DCC9AE1}.Release|Any CPU.ActiveCfg = Release|Any CPU
		{0889FFE1-585C-4593-8850-BBDB0DCC9AE1}.Release|Any CPU.Build.0 = Release|Any CPU
		{A2141FE3-5F9D-4626-BC63-BAD7AB19B41F}.Debug|Any CPU.ActiveCfg = Debug|Any CPU
		{A2141FE3-5F9D-4626-BC63-BAD7AB19B41F}.Debug|Any CPU.Build.0 = Debug|Any CPU
		{A2141FE3-5F9D-4626-BC63-BAD7AB19B41F}.Release|Any CPU.ActiveCfg = Release|Any CPU
		{A2141FE3-5F9D-4626-BC63-BAD7AB19B41F}.Release|Any CPU.Build.0 = Release|Any CPU
	EndGlobalSection
	GlobalSection(SolutionProperties) = preSolution
		HideSolutionNode = FALSE
	EndGlobalSection
	GlobalSection(NestedProjects) = preSolution
		{0889FFE1-585C-4593-8850-BBDB0DCC9AE1} = {5E754B9E-84B8-426A-95B0-858D3EDCC19B}
	EndGlobalSection
	GlobalSection(ExtensibilityGlobals) = postSolution
		SolutionGuid = {5044F9DA-815D-48CE-A4EE-9FA49432D361}
	EndGlobalSection
EndGlobal
